
Microsoft Visual Studio Solution File, Format Version 12.00
# Visual Studio Version 17
VisualStudioVersion = 17.8.34309.116
MinimumVisualStudioVersion = 10.0.40219.1
Project("{FAE04EC0-301F-11D3-BF4B-00C04F79EFBC}") = "NewCenterCursos.Api", "NewCenterCursos.Api.csproj", "{0BB0D2B4-95D2-4D5A-85EE-D3E8AD4DE61D}"
EndProject
Global
	GlobalSection(SolutionConfigurationPlatforms) = preSolution
		Debug|Any CPU = Debug|Any CPU
		Release|Any CPU = Release|Any CPU
	EndGlobalSection
	GlobalSection(ProjectConfigurationPlatforms) = postSolution
		{0BB0D2B4-95D2-4D5A-85EE-D3E8AD4DE61D}.Debug|Any CPU.ActiveCfg = Debug|Any CPU
		{0BB0D2B4-95D2-4D5A-85EE-D3E8AD4DE61D}.Debug|Any CPU.Build.0 = Debug|Any CPU
		{0BB0D2B4-95D2-4D5A-85EE-D3E8AD4DE61D}.Release|Any CPU.ActiveCfg = Release|Any CPU
		{0BB0D2B4-95D2-4D5A-85EE-D3E8AD4DE61D}.Release|Any CPU.Build.0 = Release|Any CPU
	EndGlobalSection
	GlobalSection(SolutionProperties) = preSolution
		HideSolutionNode = FALSE
	EndGlobalSection
	GlobalSection(ExtensibilityGlobals) = postSolution
		SolutionGuid = {28016902-69DE-4708-824C-7F027BAEB993}
	EndGlobalSection
EndGlobal
